<?xml version="1.0" encoding="utf-8"?>
<Project ToolsVersion="4.0" xmlns="http://schemas.microsoft.com/developer/msbuild/2003">
  <ItemGroup>
    <Filter Include="Framework">
      <UniqueIdentifier>{a1000000-0000-0000-0000-000000000001}</UniqueIdentifier>
    </Filter>
    <Filter Include="Demo">
      <UniqueIdentifier>{a1000000-0000-0000-0000-000000000002}</UniqueIdentifier>
    </Filter>
    <Filter Include="Demo\Scene">
      <UniqueIdentifier>{a1000000-0000-0000-0000-000000000003}</UniqueIdentifier>
    </Filter>
    <Filter Include="Demo\Math">
      <UniqueIdentifier>{a1000000-0000-0000-0000-000000000004}</UniqueIdentifier>
    </Filter>
    <Filter Include="Demo\Render">
      <UniqueIdentifier>{a1000000-0000-0000-0000-000000000005}</UniqueIdentifier>
    </Filter>
  </ItemGroup>
  <ItemGroup>
    <ClCompile Include="src\Main.cpp">
      <Filter>Demo</Filter>
    </ClCompile>
    <ClCompile Include="src\DemoApp.cpp">
      <Filter>Demo</Filter>
    </ClCompile>
    <ClCompile Include="src\PrimitiveBatch2D.cpp">
      <Filter>Demo</Filter>
    </ClCompile>
    <ClCompile Include="src\Scene\Scene01_MathFundamentals.cpp">
      <Filter>Demo\Scene</Filter>
    </ClCompile>
    <ClCompile Include="src\Scene\Scene02_CurvesAndSplines.cpp">
      <Filter>Demo\Scene</Filter>
    </ClCompile>
    <ClCompile Include="src\Scene\Scene03_TransformProjection.cpp">
      <Filter>Demo\Scene</Filter>
    </ClCompile>
    <ClCompile Include="src\Scene\Scene04_PhongAndNormalMap.cpp">
      <Filter>Demo\Scene</Filter>
    </ClCompile>
    <ClCompile Include="src\Render\PrimitiveBatch3D.cpp">
      <Filter>Demo\Render</Filter>
    </ClCompile>
    <ClCompile Include="src\Render\ModelLoader.cpp">
      <Filter>Demo\Render</Filter>
    </ClCompile>
    <ClCompile Include="src\Scene\Scene05_StylizedShading.cpp">
      <Filter>Demo\Scene</Filter>
    </ClCompile>
    <ClCompile Include="src\d3dApp.cpp">
      <Filter>Framework</Filter>
    </ClCompile>
    <ClCompile Include="src\d3dUtil.cpp">
      <Filter>Framework</Filter>
    </ClCompile>
    <ClCompile Include="src\DXTrace.cpp">
      <Filter>Framework</Filter>
    </ClCompile>
    <ClCompile Include="src\CpuTimer.cpp">
      <Filter>Framework</Filter>
    </ClCompile>
    <ClCompile Include="src\Keyboard.cpp">
      <Filter>Framework</Filter>
    </ClCompile>
    <ClCompile Include="src\Mouse.cpp">
      <Filter>Framework</Filter>
    </ClCompile>
  </ItemGroup>
  <ItemGroup>
    <ClInclude Include="src\DemoApp.h">
      <Filter>Demo</Filter>
    </ClInclude>
    <ClInclude Include="src\IScene.h">
      <Filter>Demo</Filter>
    </ClInclude>
    <ClInclude Include="src\PrimitiveBatch2D.h">
      <Filter>Demo</Filter>
    </ClInclude>
    <ClInclude Include="src\Scene\Scene01_MathFundamentals.h">
      <Filter>Demo\Scene</Filter>
    </ClInclude>
    <ClInclude Include="src\Scene\Scene03_TransformProjection.h">
      <Filter>Demo\Scene</Filter>
    </ClInclude>
    <ClInclude Include="src\Scene\Scene04_PhongAndNormalMap.h">
      <Filter>Demo\Scene</Filter>
    </ClInclude>
    <ClInclude Include="src\Scene\Scene02_CurvesAndSplines.h">
      <Filter>Demo\Scene</Filter>
    </ClInclude>
    <ClInclude Include="src\Math\Collision2D.h">
      <Filter>Demo\Math</Filter>
    </ClInclude>
    <ClInclude Include="src\Math\Curves.h">
      <Filter>Demo\Math</Filter>
    </ClInclude>
    <ClInclude Include="src\Render\Geometry.h">
      <Filter>Demo\Render</Filter>
    </ClInclude>
    <ClInclude Include="src\Render\PrimitiveBatch3D.h">
      <Filter>Demo\Render</Filter>
    </ClInclude>
    <ClInclude Include="src\Render\RenderTexture.h">
      <Filter>Demo\Render</Filter>
    </ClInclude>
    <ClInclude Include="src\Render\FullscreenPass.h">
      <Filter>Demo\Render</Filter>
    </ClInclude>
    <ClInclude Include="src\Render\ModelLoader.h">
      <Filter>Demo\Render</Filter>
    </ClInclude>
    <ClInclude Include="src\Render\cgltf.h">
      <Filter>Demo\Render</Filter>
    </ClInclude>
    <ClInclude Include="src\Render\stb_image.h">
      <Filter>Demo\Render</Filter>
    </ClInclude>
    <ClInclude Include="src\Scene\Scene05_StylizedShading.h">
      <Filter>Demo\Scene</Filter>
    </ClInclude>
    <ClInclude Include="src\Render\OrbitCamera.h">
      <Filter>Demo\Render</Filter>
    </ClInclude>
    <ClInclude Include="src\Render\ProceduralTexture.h">
      <Filter>Demo\Render</Filter>
    </ClInclude>
    <ClInclude Include="src\d3dApp.h">
      <Filter>Framework</Filter>
    </ClInclude>
    <ClInclude Include="src\d3dUtil.h">
      <Filter>Framework</Filter>
    </ClInclude>
    <ClInclude Include="src\DXTrace.h">
      <Filter>Framework</Filter>
    </ClInclude>
    <ClInclude Include="src\CpuTimer.h">
      <Filter>Framework</Filter>
    </ClInclude>
    <ClInclude Include="src\Keyboard.h">
      <Filter>Framework</Filter>
    </ClInclude>
    <ClInclude Include="src\Mouse.h">
      <Filter>Framework</Filter>
    </ClInclude>
    <ClInclude Include="src\WinMin.h">
      <Filter>Framework</Filter>
    </ClInclude>
  </ItemGroup>
</Project>
